%{"bunt": {:hex, :bunt, "0.1.5", "c378ea1698232597d3778e4b83234dcea4a60e7c28114b0fe53657a2c0d8885e", [:mix], []},
  "credo": {:hex, :credo, "0.3.13", "90d2d2deb9d376bb2a63f81126a320c3920ce65acb1294982ab49a8aacc7d89f", [:mix], [{:bunt, "~> 0.1.4", [hex: :bunt, optional: false]}]},
  "fsm": {:hex, :fsm, "0.2.0", "53bcc0fd4a470c92cbbc3bae2d7f7dd8462898eedd62c37a6be556b94fba0e05", [:mix], []}}
